
Microsoft Visual Studio Solution File, Format Version 12.00
# Visual Studio 2012
Project("{FAE04EC0-301F-11D3-BF4B-00C04F79EFBC}") = "valleyfold", "valleyfold.csproj", "{90553B35-A8F8-46F1-ACBA-CF6CFF53AB7F}"
EndProject
Project("{FAE04EC0-301F-11D3-BF4B-00C04F79EFBC}") = "Testing", "..\Testing\Testing.csproj", "{6C136CD5-3344-4AC0-966B-5DE55999D65A}"
EndProject
Global
	GlobalSection(SolutionConfigurationPlatforms) = preSolution
		Debug|Any CPU = Debug|Any CPU
		Debug|x64 = Debug|x64
		Debug|x86 = Debug|x86
		ExportDebug|Any CPU = ExportDebug|Any CPU
		ExportDebug|x64 = ExportDebug|x64
		ExportDebug|x86 = ExportDebug|x86
		ExportRelease|Any CPU = ExportRelease|Any CPU
		ExportRelease|x64 = ExportRelease|x64
		ExportRelease|x86 = ExportRelease|x86
		Release|Any CPU = Release|Any CPU
		Release|x64 = Release|x64
		Release|x86 = Release|x86
	EndGlobalSection
	GlobalSection(ProjectConfigurationPlatforms) = postSolution
		{90553B35-A8F8-46F1-ACBA-CF6CFF53AB7F}.Debug|Any CPU.ActiveCfg = Debug|Any CPU
		{90553B35-A8F8-46F1-ACBA-CF6CFF53AB7F}.Debug|Any CPU.Build.0 = Debug|Any CPU
		{90553B35-A8F8-46F1-ACBA-CF6CFF53AB7F}.Debug|x64.ActiveCfg = Debug|Any CPU
		{90553B35-A8F8-46F1-ACBA-CF6CFF53AB7F}.Debug|x64.Build.0 = Debug|Any CPU
		{90553B35-A8F8-46F1-ACBA-CF6CFF53AB7F}.Debug|x86.ActiveCfg = Debug|Any CPU
		{90553B35-A8F8-46F1-ACBA-CF6CFF53AB7F}.Debug|x86.Build.0 = Debug|Any CPU
		{90553B35-A8F8-46F1-ACBA-CF6CFF53AB7F}.ExportDebug|Any CPU.ActiveCfg = ExportDebug|Any CPU
		{90553B35-A8F8-46F1-ACBA-CF6CFF53AB7F}.ExportDebug|Any CPU.Build.0 = ExportDebug|Any CPU
		{90553B35-A8F8-46F1-ACBA-CF6CFF53AB7F}.ExportDebug|x64.ActiveCfg = ExportDebug|Any CPU
		{90553B35-A8F8-46F1-ACBA-CF6CFF53AB7F}.ExportDebug|x64.Build.0 = ExportDebug|Any CPU
		{90553B35-A8F8-46F1-ACBA-CF6CFF53AB7F}.ExportDebug|x86.ActiveCfg = ExportDebug|Any CPU
		{90553B35-A8F8-46F1-ACBA-CF6CFF53AB7F}.ExportDebug|x86.Build.0 = ExportDebug|Any CPU
		{90553B35-A8F8-46F1-ACBA-CF6CFF53AB7F}.ExportRelease|Any CPU.ActiveCfg = ExportRelease|Any CPU
		{90553B35-A8F8-46F1-ACBA-CF6CFF53AB7F}.ExportRelease|Any CPU.Build.0 = ExportRelease|Any CPU
		{90553B35-A8F8-46F1-ACBA-CF6CFF53AB7F}.ExportRelease|x64.ActiveCfg = ExportRelease|Any CPU
		{90553B35-A8F8-46F1-ACBA-CF6CFF53AB7F}.ExportRelease|x64.Build.0 = ExportRelease|Any CPU
		{90553B35-A8F8-46F1-ACBA-CF6CFF53AB7F}.ExportRelease|x86.ActiveCfg = ExportRelease|Any CPU
		{90553B35-A8F8-46F1-ACBA-CF6CFF53AB7F}.ExportRelease|x86.Build.0 = ExportRelease|Any CPU
		{90553B35-A8F8-46F1-ACBA-CF6CFF53AB7F}.Release|Any CPU.ActiveCfg = Release|Any CPU
		{90553B35-A8F8-46F1-ACBA-CF6CFF53AB7F}.Release|Any CPU.Build.0 = Release|Any CPU
		{90553B35-A8F8-46F1-ACBA-CF6CFF53AB7F}.Release|x64.ActiveCfg = Release|Any CPU
		{90553B35-A8F8-46F1-ACBA-CF6CFF53AB7F}.Release|x64.Build.0 = Release|Any CPU
		{90553B35-A8F8-46F1-ACBA-CF6CFF53AB7F}.Release|x86.ActiveCfg = Release|Any CPU
		{90553B35-A8F8-46F1-ACBA-CF6CFF53AB7F}.Release|x86.Build.0 = Release|Any CPU
		{6C136CD5-3344-4AC0-966B-5DE55999D65A}.Debug|Any CPU.ActiveCfg = Debug|Any CPU
		{6C136CD5-3344-4AC0-966B-5DE55999D65A}.Debug|Any CPU.Build.0 = Debug|Any CPU
		{6C136CD5-3344-4AC0-966B-5DE55999D65A}.Debug|x64.ActiveCfg = Debug|Any CPU
		{6C136CD5-3344-4AC0-966B-5DE55999D65A}.Debug|x64.Build.0 = Debug|Any CPU
		{6C136CD5-3344-4AC0-966B-5DE55999D65A}.Debug|x86.ActiveCfg = Debug|Any CPU
		{6C136CD5-3344-4AC0-966B-5DE55999D65A}.Debug|x86.Build.0 = Debug|Any CPU
		{6C136CD5-3344-4AC0-966B-5DE55999D65A}.ExportDebug|Any CPU.ActiveCfg = Debug|Any CPU
		{6C136CD5-3344-4AC0-966B-5DE55999D65A}.ExportDebug|Any CPU.Build.0 = Debug|Any CPU
		{6C136CD5-3344-4AC0-966B-5DE55999D65A}.ExportDebug|x64.ActiveCfg = Debug|Any CPU
		{6C136CD5-3344-4AC0-966B-5DE55999D65A}.ExportDebug|x64.Build.0 = Debug|Any CPU
		{6C136CD5-3344-4AC0-966B-5DE55999D65A}.ExportDebug|x86.ActiveCfg = Debug|Any CPU
		{6C136CD5-3344-4AC0-966B-5DE55999D65A}.ExportDebug|x86.Build.0 = Debug|Any CPU
		{6C136CD5-3344-4AC0-966B-5DE55999D65A}.ExportRelease|Any CPU.ActiveCfg = Debug|Any CPU
		{6C136CD5-3344-4AC0-966B-5DE55999D65A}.ExportRelease|Any CPU.Build.0 = Debug|Any CPU
		{6C136CD5-3344-4AC0-966B-5DE55999D65A}.ExportRelease|x64.ActiveCfg = Debug|Any CPU
		{6C136CD5-3344-4AC0-966B-5DE55999D65A}.ExportRelease|x64.Build.0 = Debug|Any CPU
		{6C136CD5-3344-4AC0-966B-5DE55999D65A}.ExportRelease|x86.ActiveCfg = Debug|Any CPU
		{6C136CD5-3344-4AC0-966B-5DE55999D65A}.ExportRelease|x86.Build.0 = Debug|Any CPU
		{6C136CD5-3344-4AC0-966B-5DE55999D65A}.Release|Any CPU.ActiveCfg = Release|Any CPU
		{6C136CD5-3344-4AC0-966B-5DE55999D65A}.Release|Any CPU.Build.0 = Release|Any CPU
		{6C136CD5-3344-4AC0-966B-5DE55999D65A}.Release|x64.ActiveCfg = Release|Any CPU
		{6C136CD5-3344-4AC0-966B-5DE55999D65A}.Release|x64.Build.0 = Release|Any CPU
		{6C136CD5-3344-4AC0-966B-5DE55999D65A}.Release|x86.ActiveCfg = Release|Any CPU
		{6C136CD5-3344-4AC0-966B-5DE55999D65A}.Release|x86.Build.0 = Release|Any CPU
	EndGlobalSection
	GlobalSection(SolutionProperties) = preSolution
		HideSolutionNode = FALSE
	EndGlobalSection
EndGlobal
