Microsoft Visual Studio Solution File, Format Version 12.00
# Visual Studio 2012
Project("{FAE04EC0-301F-11D3-BF4B-00C04F79EFBC}") = "valleyfold", "valleyfold.csproj", "{0E795B8A-20D5-4EBC-A03C-0F6873EA3D8E}"
EndProject
Global
	GlobalSection(SolutionConfigurationPlatforms) = preSolution
	Debug|Any CPU = Debug|Any CPU
	ExportDebug|Any CPU = ExportDebug|Any CPU
	ExportRelease|Any CPU = ExportRelease|Any CPU
	EndGlobalSection
	GlobalSection(ProjectConfigurationPlatforms) = postSolution
		{0E795B8A-20D5-4EBC-A03C-0F6873EA3D8E}.Debug|Any CPU.ActiveCfg = Debug|Any CPU
		{0E795B8A-20D5-4EBC-A03C-0F6873EA3D8E}.Debug|Any CPU.Build.0 = Debug|Any CPU
		{0E795B8A-20D5-4EBC-A03C-0F6873EA3D8E}.ExportDebug|Any CPU.ActiveCfg = ExportDebug|Any CPU
		{0E795B8A-20D5-4EBC-A03C-0F6873EA3D8E}.ExportDebug|Any CPU.Build.0 = ExportDebug|Any CPU
		{0E795B8A-20D5-4EBC-A03C-0F6873EA3D8E}.ExportRelease|Any CPU.ActiveCfg = ExportRelease|Any CPU
		{0E795B8A-20D5-4EBC-A03C-0F6873EA3D8E}.ExportRelease|Any CPU.Build.0 = ExportRelease|Any CPU
	EndGlobalSection
EndGlobal
